
Microsoft Visual Studio Solution File, Format Version 12.00
# Visual Studio Version 16
VisualStudioVersion = 16.0.28729.10
MinimumVisualStudioVersion = 10.0.40219.1
Project("{9A19103F-16F7-4668-BE54-9A1E7A4F7556}") = "EasySqlParser", "src\EasySqlParser\EasySqlParser.csproj", "{DC24C4DA-6F42-4597-8FE8-57CDCC3D6DB1}"
EndProject
Project("{9A19103F-16F7-4668-BE54-9A1E7A4F7556}") = "EasySqlParser.Tests", "tests\EasySqlParser.Tests\EasySqlParser.Tests.csproj", "{4DEF378E-A2C9-4281-B061-9E5FDB76DC21}"
EndProject
Project("{2150E333-8FDC-42A3-9474-1A3956D46DE8}") = "Solution Items", "Solution Items", "{5BAEA153-CA5E-487C-89C2-8A0DF129592B}"
	ProjectSection(SolutionItems) = preProject
		LICENSE = LICENSE
		README.md = README.md
		README_ja.md = README_ja.md
	EndProjectSection
EndProject
Project("{9A19103F-16F7-4668-BE54-9A1E7A4F7556}") = "EasySqlParser.Dapper", "src\EasySqlParser.Dapper\EasySqlParser.Dapper.csproj", "{508C1114-B08D-4510-84D2-F425A12043F9}"
EndProject
Project("{9A19103F-16F7-4668-BE54-9A1E7A4F7556}") = "EasySqlParser.EntityFrameworkCore", "src\EasySqlParser.EntityFrameworkCore\EasySqlParser.EntityFrameworkCore.csproj", "{23891FB7-1CB1-4AAF-9C73-50E1ED24CB3C}"
EndProject
Project("{9A19103F-16F7-4668-BE54-9A1E7A4F7556}") = "EasySqlParser.SourceGenerator", "src\EasySqlParser.SourceGenerator\EasySqlParser.SourceGenerator.csproj", "{6FE52627-5552-4E9B-9212-E99675229445}"
EndProject
Project("{9A19103F-16F7-4668-BE54-9A1E7A4F7556}") = "EasySqlParser.SourceGenerator.Engine", "src\EasySqlParser.SourceGenerator.Engine\EasySqlParser.SourceGenerator.Engine.csproj", "{81CB907D-201E-46AB-B114-74B79AAEB1BA}"
EndProject
Project("{9A19103F-16F7-4668-BE54-9A1E7A4F7556}") = "EasySqlParser.SourceGeneratorSandbox", "sandbox\EasySqlParser.SourceGeneratorSandbox\EasySqlParser.SourceGeneratorSandbox.csproj", "{30734952-5CC2-4A92-89F2-11D48E4A7119}"
EndProject
Project("{9A19103F-16F7-4668-BE54-9A1E7A4F7556}") = "EasySqlParser.SqlGenerator", "src\EasySqlParser.SqlGenerator\EasySqlParser.SqlGenerator.csproj", "{3AFC1909-C744-4538-B3E9-27D8A96F1AAC}"
EndProject
Project("{2150E333-8FDC-42A3-9474-1A3956D46DE8}") = "src", "src", "{4B4BAA0C-73AB-4BEF-B4AF-9F005327BBBF}"
EndProject
Project("{2150E333-8FDC-42A3-9474-1A3956D46DE8}") = "tests", "tests", "{CAEABFF5-AC3C-4F22-86CF-A3D5E4A4E64D}"
EndProject
Project("{2150E333-8FDC-42A3-9474-1A3956D46DE8}") = "sandbox", "sandbox", "{F1D031FD-607C-4E73-BDC9-13BB6C66CA7F}"
EndProject
Project("{9A19103F-16F7-4668-BE54-9A1E7A4F7556}") = "EasySqlParser.SqlGenerator.Tests", "tests\EasySqlParser.SqlGenerator.Tests\EasySqlParser.SqlGenerator.Tests.csproj", "{DFBE87AB-8AB4-4D6A-BC76-9731151A932C}"
EndProject
Project("{9A19103F-16F7-4668-BE54-9A1E7A4F7556}") = "EasySqlParser.EntityFrameworkCore.Tests", "tests\EasySqlParser.EntityFrameworkCore.Tests\EasySqlParser.EntityFrameworkCore.Tests.csproj", "{9A438CB7-0747-427E-B2DC-08F0EC5BF586}"
EndProject
Project("{FAE04EC0-301F-11D3-BF4B-00C04F79EFBC}") = "EasySqlParser.Dapper.Tests", "tests\EasySqlParser.Dapper.Tests\EasySqlParser.Dapper.Tests.csproj", "{7EA1A366-B758-4E68-9DF4-FC86B260DB97}"
EndProject
Global
	GlobalSection(SolutionConfigurationPlatforms) = preSolution
		Debug|Any CPU = Debug|Any CPU
		Release|Any CPU = Release|Any CPU
	EndGlobalSection
	GlobalSection(ProjectConfigurationPlatforms) = postSolution
		{DC24C4DA-6F42-4597-8FE8-57CDCC3D6DB1}.Debug|Any CPU.ActiveCfg = Debug|Any CPU
		{DC24C4DA-6F42-4597-8FE8-57CDCC3D6DB1}.Debug|Any CPU.Build.0 = Debug|Any CPU
		{DC24C4DA-6F42-4597-8FE8-57CDCC3D6DB1}.Release|Any CPU.ActiveCfg = Release|Any CPU
		{DC24C4DA-6F42-4597-8FE8-57CDCC3D6DB1}.Release|Any CPU.Build.0 = Release|Any CPU
		{4DEF378E-A2C9-4281-B061-9E5FDB76DC21}.Debug|Any CPU.ActiveCfg = Debug|Any CPU
		{4DEF378E-A2C9-4281-B061-9E5FDB76DC21}.Debug|Any CPU.Build.0 = Debug|Any CPU
		{4DEF378E-A2C9-4281-B061-9E5FDB76DC21}.Release|Any CPU.ActiveCfg = Release|Any CPU
		{4DEF378E-A2C9-4281-B061-9E5FDB76DC21}.Release|Any CPU.Build.0 = Release|Any CPU
		{508C1114-B08D-4510-84D2-F425A12043F9}.Debug|Any CPU.ActiveCfg = Debug|Any CPU
		{508C1114-B08D-4510-84D2-F425A12043F9}.Debug|Any CPU.Build.0 = Debug|Any CPU
		{508C1114-B08D-4510-84D2-F425A12043F9}.Release|Any CPU.ActiveCfg = Release|Any CPU
		{508C1114-B08D-4510-84D2-F425A12043F9}.Release|Any CPU.Build.0 = Release|Any CPU
		{23891FB7-1CB1-4AAF-9C73-50E1ED24CB3C}.Debug|Any CPU.ActiveCfg = Debug|Any CPU
		{23891FB7-1CB1-4AAF-9C73-50E1ED24CB3C}.Debug|Any CPU.Build.0 = Debug|Any CPU
		{23891FB7-1CB1-4AAF-9C73-50E1ED24CB3C}.Release|Any CPU.ActiveCfg = Release|Any CPU
		{23891FB7-1CB1-4AAF-9C73-50E1ED24CB3C}.Release|Any CPU.Build.0 = Release|Any CPU
		{6FE52627-5552-4E9B-9212-E99675229445}.Debug|Any CPU.ActiveCfg = Debug|Any CPU
		{6FE52627-5552-4E9B-9212-E99675229445}.Debug|Any CPU.Build.0 = Debug|Any CPU
		{6FE52627-5552-4E9B-9212-E99675229445}.Release|Any CPU.ActiveCfg = Release|Any CPU
		{6FE52627-5552-4E9B-9212-E99675229445}.Release|Any CPU.Build.0 = Release|Any CPU
		{81CB907D-201E-46AB-B114-74B79AAEB1BA}.Debug|Any CPU.ActiveCfg = Debug|Any CPU
		{81CB907D-201E-46AB-B114-74B79AAEB1BA}.Debug|Any CPU.Build.0 = Debug|Any CPU
		{81CB907D-201E-46AB-B114-74B79AAEB1BA}.Release|Any CPU.ActiveCfg = Release|Any CPU
		{81CB907D-201E-46AB-B114-74B79AAEB1BA}.Release|Any CPU.Build.0 = Release|Any CPU
		{30734952-5CC2-4A92-89F2-11D48E4A7119}.Debug|Any CPU.ActiveCfg = Debug|Any CPU
		{30734952-5CC2-4A92-89F2-11D48E4A7119}.Debug|Any CPU.Build.0 = Debug|Any CPU
		{30734952-5CC2-4A92-89F2-11D48E4A7119}.Release|Any CPU.ActiveCfg = Release|Any CPU
		{30734952-5CC2-4A92-89F2-11D48E4A7119}.Release|Any CPU.Build.0 = Release|Any CPU
		{3AFC1909-C744-4538-B3E9-27D8A96F1AAC}.Debug|Any CPU.ActiveCfg = Debug|Any CPU
		{3AFC1909-C744-4538-B3E9-27D8A96F1AAC}.Debug|Any CPU.Build.0 = Debug|Any CPU
		{3AFC1909-C744-4538-B3E9-27D8A96F1AAC}.Release|Any CPU.ActiveCfg = Release|Any CPU
		{3AFC1909-C744-4538-B3E9-27D8A96F1AAC}.Release|Any CPU.Build.0 = Release|Any CPU
		{DFBE87AB-8AB4-4D6A-BC76-9731151A932C}.Debug|Any CPU.ActiveCfg = Debug|Any CPU
		{DFBE87AB-8AB4-4D6A-BC76-9731151A932C}.Debug|Any CPU.Build.0 = Debug|Any CPU
		{DFBE87AB-8AB4-4D6A-BC76-9731151A932C}.Release|Any CPU.ActiveCfg = Release|Any CPU
		{DFBE87AB-8AB4-4D6A-BC76-9731151A932C}.Release|Any CPU.Build.0 = Release|Any CPU
		{9A438CB7-0747-427E-B2DC-08F0EC5BF586}.Debug|Any CPU.ActiveCfg = Debug|Any CPU
		{9A438CB7-0747-427E-B2DC-08F0EC5BF586}.Debug|Any CPU.Build.0 = Debug|Any CPU
		{9A438CB7-0747-427E-B2DC-08F0EC5BF586}.Release|Any CPU.ActiveCfg = Release|Any CPU
		{9A438CB7-0747-427E-B2DC-08F0EC5BF586}.Release|Any CPU.Build.0 = Release|Any CPU
		{7EA1A366-B758-4E68-9DF4-FC86B260DB97}.Debug|Any CPU.ActiveCfg = Debug|Any CPU
		{7EA1A366-B758-4E68-9DF4-FC86B260DB97}.Debug|Any CPU.Build.0 = Debug|Any CPU
		{7EA1A366-B758-4E68-9DF4-FC86B260DB97}.Release|Any CPU.ActiveCfg = Release|Any CPU
		{7EA1A366-B758-4E68-9DF4-FC86B260DB97}.Release|Any CPU.Build.0 = Release|Any CPU
	EndGlobalSection
	GlobalSection(SolutionProperties) = preSolution
		HideSolutionNode = FALSE
	EndGlobalSection
	GlobalSection(NestedProjects) = preSolution
		{DC24C4DA-6F42-4597-8FE8-57CDCC3D6DB1} = {4B4BAA0C-73AB-4BEF-B4AF-9F005327BBBF}
		{4DEF378E-A2C9-4281-B061-9E5FDB76DC21} = {CAEABFF5-AC3C-4F22-86CF-A3D5E4A4E64D}
		{508C1114-B08D-4510-84D2-F425A12043F9} = {4B4BAA0C-73AB-4BEF-B4AF-9F005327BBBF}
		{23891FB7-1CB1-4AAF-9C73-50E1ED24CB3C} = {4B4BAA0C-73AB-4BEF-B4AF-9F005327BBBF}
		{6FE52627-5552-4E9B-9212-E99675229445} = {4B4BAA0C-73AB-4BEF-B4AF-9F005327BBBF}
		{81CB907D-201E-46AB-B114-74B79AAEB1BA} = {4B4BAA0C-73AB-4BEF-B4AF-9F005327BBBF}
		{30734952-5CC2-4A92-89F2-11D48E4A7119} = {F1D031FD-607C-4E73-BDC9-13BB6C66CA7F}
		{3AFC1909-C744-4538-B3E9-27D8A96F1AAC} = {4B4BAA0C-73AB-4BEF-B4AF-9F005327BBBF}
		{DFBE87AB-8AB4-4D6A-BC76-9731151A932C} = {CAEABFF5-AC3C-4F22-86CF-A3D5E4A4E64D}
		{9A438CB7-0747-427E-B2DC-08F0EC5BF586} = {CAEABFF5-AC3C-4F22-86CF-A3D5E4A4E64D}
		{7EA1A366-B758-4E68-9DF4-FC86B260DB97} = {CAEABFF5-AC3C-4F22-86CF-A3D5E4A4E64D}
	EndGlobalSection
	GlobalSection(ExtensibilityGlobals) = postSolution
		SolutionGuid = {E57359C9-12CF-4740-A3CB-FCBC031728BF}
	EndGlobalSection
EndGlobal
